
Microsoft Visual Studio Solution File, Format Version 12.00
# Visual Studio 2013
VisualStudioVersion = 12.0.30324.0
MinimumVisualStudioVersion = 10.0.40219.1
Project("{FAE04EC0-301F-11D3-BF4B-00C04F79EFBC}") = "TempConvService", "TempConvService\TempConvService.csproj", "{245C1809-0AA5-4585-AC82-E1775D521966}"
EndProject
Project("{FAE04EC0-301F-11D3-BF4B-00C04F79EFBC}") = "TestTempConv", "TestTempConv\TestTempConv.csproj", "{42DC91DF-3087-451A-87F0-ADDA12A934DF}"
	ProjectSection(ProjectDependencies) = postProject
		{245C1809-0AA5-4585-AC82-E1775D521966} = {245C1809-0AA5-4585-AC82-E1775D521966}
	EndProjectSection
EndProject
Global
	GlobalSection(SolutionConfigurationPlatforms) = preSolution
		Debug|Any CPU = Debug|Any CPU
		Release|Any CPU = Release|Any CPU
	EndGlobalSection
	GlobalSection(ProjectConfigurationPlatforms) = postSolution
		{245C1809-0AA5-4585-AC82-E1775D521966}.Debug|Any CPU.ActiveCfg = Debug|Any CPU
		{245C1809-0AA5-4585-AC82-E1775D521966}.Debug|Any CPU.Build.0 = Debug|Any CPU
		{245C1809-0AA5-4585-AC82-E1775D521966}.Release|Any CPU.ActiveCfg = Release|Any CPU
		{245C1809-0AA5-4585-AC82-E1775D521966}.Release|Any CPU.Build.0 = Release|Any CPU
		{42DC91DF-3087-451A-87F0-ADDA12A934DF}.Debug|Any CPU.ActiveCfg = Debug|Any CPU
		{42DC91DF-3087-451A-87F0-ADDA12A934DF}.Debug|Any CPU.Build.0 = Debug|Any CPU
		{42DC91DF-3087-451A-87F0-ADDA12A934DF}.Release|Any CPU.ActiveCfg = Release|Any CPU
		{42DC91DF-3087-451A-87F0-ADDA12A934DF}.Release|Any CPU.Build.0 = Release|Any CPU
	EndGlobalSection
	GlobalSection(SolutionProperties) = preSolution
		HideSolutionNode = FALSE
	EndGlobalSection
EndGlobal
